
Microsoft Visual Studio Solution File, Format Version 12.00
# Visual Studio Version 17
VisualStudioVersion = 17.14.36121.58 d17.14
MinimumVisualStudioVersion = 10.0.40219.1
Project("{FAE04EC0-301F-11D3-BF4B-00C04F79EFBC}") = "Fitness_App_API_Gateway", "Fitness_App_API_Gateway\Fitness_App_API_Gateway.csproj", "{58A28D41-AEA9-4EF9-9FDD-3E3EE0FFC66E}"
EndProject
Global
	GlobalSection(SolutionConfigurationPlatforms) = preSolution
		Debug|Any CPU = Debug|Any CPU
		Release|Any CPU = Release|Any CPU
	EndGlobalSection
	GlobalSection(ProjectConfigurationPlatforms) = postSolution
		{58A28D41-AEA9-4EF9-9FDD-3E3EE0FFC66E}.Debug|Any CPU.ActiveCfg = Debug|Any CPU
		{58A28D41-AEA9-4EF9-9FDD-3E3EE0FFC66E}.Debug|Any CPU.Build.0 = Debug|Any CPU
		{58A28D41-AEA9-4EF9-9FDD-3E3EE0FFC66E}.Release|Any CPU.ActiveCfg = Release|Any CPU
		{58A28D41-AEA9-4EF9-9FDD-3E3EE0FFC66E}.Release|Any CPU.Build.0 = Release|Any CPU
	EndGlobalSection
	GlobalSection(SolutionProperties) = preSolution
		HideSolutionNode = FALSE
	EndGlobalSection
	GlobalSection(ExtensibilityGlobals) = postSolution
		SolutionGuid = {637761B4-4622-40B5-9A28-814809653D28}
	EndGlobalSection
EndGlobal
